// !$*UTF8*$!
{
	archiveVersion = 1;
	classes = {
	};
	objectVersion = 50;
	objects = {

/* Begin PBXBuildFile section */
		06F2E9F42503C59C00D8D55D /* AppDelegate.swift in Sources */ = {isa = PBXBuildFile; fileRef = 06F2E9F32503C59C00D8D55D /* AppDelegate.swift */; };
		06F2E9F62503C59C00D8D55D /* SceneDelegate.swift in Sources */ = {isa = PBXBuildFile; fileRef = 06F2E9F52503C59C00D8D55D /* SceneDelegate.swift */; };
		06F2E9F82503C59C00D8D55D /* CategoriesVC.swift in Sources */ = {isa = PBXBuildFile; fileRef = 06F2E9F72503C59C00D8D55D /* CategoriesVC.swift */; };
		06F2E9FB2503C59C00D8D55D /* Main.storyboard in Resources */ = {isa = PBXBuildFile; fileRef = 06F2E9F92503C59C00D8D55D /* Main.storyboard */; };
		06F2E9FD2503C5A000D8D55D /* Assets.xcassets in Resources */ = {isa = PBXBuildFile; fileRef = 06F2E9FC2503C5A000D8D55D /* Assets.xcassets */; };
		06F2EA002503C5A000D8D55D /* LaunchScreen.storyboard in Resources */ = {isa = PBXBuildFile; fileRef = 06F2E9FE2503C5A000D8D55D /* LaunchScreen.storyboard */; };
		06F2EA0B2503C94E00D8D55D /* CategoryCell.swift in Sources */ = {isa = PBXBuildFile; fileRef = 06F2EA0A2503C94E00D8D55D /* CategoryCell.swift */; };
		06F2EA0E2503CB6600D8D55D /* DataService.swift in Sources */ = {isa = PBXBuildFile; fileRef = 06F2EA0D2503CB6600D8D55D /* DataService.swift */; };
		06F2EA102503CCA900D8D55D /* Category.swift in Sources */ = {isa = PBXBuildFile; fileRef = 06F2EA0F2503CCA900D8D55D /* Category.swift */; };
		06F2EA122503D71700D8D55D /* ProductCell.swift in Sources */ = {isa = PBXBuildFile; fileRef = 06F2EA112503D71700D8D55D /* ProductCell.swift */; };
		06F2EA142503D85C00D8D55D /* Product.swift in Sources */ = {isa = PBXBuildFile; fileRef = 06F2EA132503D85C00D8D55D /* Product.swift */; };
		06F2EA162503DBB300D8D55D /* ProductsVC.swift in Sources */ = {isa = PBXBuildFile; fileRef = 06F2EA152503DBB300D8D55D /* ProductsVC.swift */; };
/* End PBXBuildFile section */

/* Begin PBXFileReference section */
		06F2E9F02503C59C00D8D55D /* Coder-Clothes.app */ = {isa = PBXFileReference; explicitFileType = wrapper.application; includeInIndex = 0; path = "Coder-Clothes.app"; sourceTree = BUILT_PRODUCTS_DIR; };
		06F2E9F32503C59C00D8D55D /* AppDelegate.swift */ = {isa = PBXFileReference; lastKnownFileType = sourcecode.swift; path = AppDelegate.swift; sourceTree = "<group>"; };
		06F2E9F52503C59C00D8D55D /* SceneDelegate.swift */ = {isa = PBXFileReference; lastKnownFileType = sourcecode.swift; path = SceneDelegate.swift; sourceTree = "<group>"; };
		06F2E9F72503C59C00D8D55D /* CategoriesVC.swift */ = {isa = PBXFileReference; lastKnownFileType = sourcecode.swift; path = CategoriesVC.swift; sourceTree = "<group>"; };
		06F2E9FA2503C59C00D8D55D /* Base */ = {isa = PBXFileReference; lastKnownFileType = file.storyboard; name = Base; path = Base.lproj/Main.storyboard; sourceTree = "<group>"; };
		06F2E9FC2503C5A000D8D55D /* Assets.xcassets */ = {isa = PBXFileReference; lastKnownFileType = folder.assetcatalog; path = Assets.xcassets; sourceTree = "<group>"; };
		06F2E9FF2503C5A000D8D55D /* Base */ = {isa = PBXFileReference; lastKnownFileType = file.storyboard; name = Base; path = Base.lproj/LaunchScreen.storyboard; sourceTree = "<group>"; };
		06F2EA012503C5A000D8D55D /* Info.plist */ = {isa = PBXFileReference; lastKnownFileType = text.plist.xml; path = Info.plist; sourceTree = "<group>"; };
		06F2EA0A2503C94E00D8D55D /* CategoryCell.swift */ = {isa = PBXFileReference; lastKnownFileType = sourcecode.swift; path = CategoryCell.swift; sourceTree = "<group>"; };
		06F2EA0D2503CB6600D8D55D /* DataService.swift */ = {isa = PBXFileReference; lastKnownFileType = sourcecode.swift; path = DataService.swift; sourceTree = "<group>"; };
		06F2EA0F2503CCA900D8D55D /* Category.swift */ = {isa = PBXFileReference; lastKnownFileType = sourcecode.swift; path = Category.swift; sourceTree = "<group>"; };
		06F2EA112503D71700D8D55D /* ProductCell.swift */ = {isa = PBXFileReference; lastKnownFileType = sourcecode.swift; path = ProductCell.swift; sourceTree = "<group>"; };
		06F2EA132503D85C00D8D55D /* Product.swift */ = {isa = PBXFileReference; lastKnownFileType = sourcecode.swift; path = Product.swift; sourceTree = "<group>"; };
		06F2EA152503DBB300D8D55D /* ProductsVC.swift */ = {isa = PBXFileReference; lastKnownFileType = sourcecode.swift; path = ProductsVC.swift; sourceTree = "<group>"; };
/* End PBXFileReference section */

/* Begin PBXFrameworksBuildPhase section */
		06F2E9ED2503C59C00D8D55D /* Frameworks */ = {
			isa = PBXFrameworksBuildPhase;
			buildActionMask = 2147483647;
			files = (
			);
			runOnlyForDeploymentPostprocessing = 0;
		};
/* End PBXFrameworksBuildPhase section */

/* Begin PBXGroup section */
		06F2E9E72503C59C00D8D55D = {
			isa = PBXGroup;
			children = (
				06F2E9F22503C59C00D8D55D /* Coder-Clothes */,
				06F2E9F12503C59C00D8D55D /* Products */,
			);
			sourceTree = "<group>";
		};
		06F2E9F12503C59C00D8D55D /* Products */ = {
			isa = PBXGroup;
			children = (
				06F2E9F02503C59C00D8D55D /* Coder-Clothes.app */,
			);
			name = Products;
			sourceTree = "<group>";
		};
		06F2E9F22503C59C00D8D55D /* Coder-Clothes */ = {
			isa = PBXGroup;
			children = (
				06F2EA0C2503CB5E00D8D55D /* Services */,
				06F2EA092503C8E200D8D55D /* View */,
				06F2EA082503C8DD00D8D55D /* Model */,
				06F2EA072503C8D600D8D55D /* Controller */,
				06F2E9F32503C59C00D8D55D /* AppDelegate.swift */,
				06F2E9F52503C59C00D8D55D /* SceneDelegate.swift */,
				06F2E9F92503C59C00D8D55D /* Main.storyboard */,
				06F2E9FC2503C5A000D8D55D /* Assets.xcassets */,
				06F2E9FE2503C5A000D8D55D /* LaunchScreen.storyboard */,
				06F2EA012503C5A000D8D55D /* Info.plist */,
			);
			path = "Coder-Clothes";
			sourceTree = "<group>";
		};
		06F2EA072503C8D600D8D55D /* Controller */ = {
			isa = PBXGroup;
			children = (
				06F2E9F72503C59C00D8D55D /* CategoriesVC.swift */,
				06F2EA152503DBB300D8D55D /* ProductsVC.swift */,
			);
			path = Controller;
			sourceTree = "<group>";
		};
		06F2EA082503C8DD00D8D55D /* Model */ = {
			isa = PBXGroup;
			children = (
				06F2EA0F2503CCA900D8D55D /* Category.swift */,
				06F2EA132503D85C00D8D55D /* Product.swift */,
			);
			path = Model;
			sourceTree = "<group>";
		};
		06F2EA092503C8E200D8D55D /* View */ = {
			isa = PBXGroup;
			children = (
				06F2EA0A2503C94E00D8D55D /* CategoryCell.swift */,
				06F2EA112503D71700D8D55D /* ProductCell.swift */,
			);
			path = View;
			sourceTree = "<group>";
		};
		06F2EA0C2503CB5E00D8D55D /* Services */ = {
			isa = PBXGroup;
			children = (
				06F2EA0D2503CB6600D8D55D /* DataService.swift */,
			);
			path = Services;
			sourceTree = "<group>";
		};
/* End PBXGroup section */

/* Begin PBXNativeTarget section */
		06F2E9EF2503C59C00D8D55D /* Coder-Clothes */ = {
			isa = PBXNativeTarget;
			buildConfigurationList = 06F2EA042503C5A000D8D55D /* Build configuration list for PBXNativeTarget "Coder-Clothes" */;
			buildPhases = (
				06F2E9EC2503C59C00D8D55D /* Sources */,
				06F2E9ED2503C59C00D8D55D /* Frameworks */,
				06F2E9EE2503C59C00D8D55D /* Resources */,
			);
			buildRules = (
			);
			dependencies = (
			);
			name = "Coder-Clothes";
			productName = "Coder-Clothes";
			productReference = 06F2E9F02503C59C00D8D55D /* Coder-Clothes.app */;
			productType = "com.apple.product-type.application";
		};
/* End PBXNativeTarget section */

/* Begin PBXProject section */
		06F2E9E82503C59C00D8D55D /* Project object */ = {
			isa = PBXProject;
			attributes = {
				LastSwiftUpdateCheck = 1160;
				LastUpgradeCheck = 1160;
				ORGANIZATIONNAME = "Rares Man";
				TargetAttributes = {
					06F2E9EF2503C59C00D8D55D = {
						CreatedOnToolsVersion = 11.6;
					};
				};
			};
			buildConfigurationList = 06F2E9EB2503C59C00D8D55D /* Build configuration list for PBXProject "Coder-Clothes" */;
			compatibilityVersion = "Xcode 9.3";
			developmentRegion = en;
			hasScannedForEncodings = 0;
			knownRegions = (
				en,
				Base,
			);
			mainGroup = 06F2E9E72503C59C00D8D55D;
			productRefGroup = 06F2E9F12503C59C00D8D55D /* Products */;
			projectDirPath = "";
			projectRoot = "";
			targets = (
				06F2E9EF2503C59C00D8D55D /* Coder-Clothes */,
			);
		};
/* End PBXProject section */

/* Begin PBXResourcesBuildPhase section */
		06F2E9EE2503C59C00D8D55D /* Resources */ = {
			isa = PBXResourcesBuildPhase;
			buildActionMask = 2147483647;
			files = (
				06F2EA002503C5A000D8D55D /* LaunchScreen.storyboard in Resources */,
				06F2E9FD2503C5A000D8D55D /* Assets.xcassets in Resources */,
				06F2E9FB2503C59C00D8D55D /* Main.storyboard in Resources */,
			);
			runOnlyForDeploymentPostprocessing = 0;
		};
/* End PBXResourcesBuildPhase section */

/* Begin PBXSourcesBuildPhase section */
		06F2E9EC2503C59C00D8D55D /* Sources */ = {
			isa = PBXSourcesBuildPhase;
			buildActionMask = 2147483647;
			files = (
				06F2EA0E2503CB6600D8D55D /* DataService.swift in Sources */,
				06F2EA142503D85C00D8D55D /* Product.swift in Sources */,
				06F2E9F82503C59C00D8D55D /* CategoriesVC.swift in Sources */,
				06F2E9F42503C59C00D8D55D /* AppDelegate.swift in Sources */,
				06F2E9F62503C59C00D8D55D /* SceneDelegate.swift in Sources */,
				06F2EA0B2503C94E00D8D55D /* CategoryCell.swift in Sources */,
				06F2EA122503D71700D8D55D /* ProductCell.swift in Sources */,
				06F2EA102503CCA900D8D55D /* Category.swift in Sources */,
				06F2EA162503DBB300D8D55D /* ProductsVC.swift in Sources */,
			);
			runOnlyForDeploymentPostprocessing = 0;
		};
/* End PBXSourcesBuildPhase section */

/* Begin PBXVariantGroup section */
		06F2E9F92503C59C00D8D55D /* Main.storyboard */ = {
			isa = PBXVariantGroup;
			children = (
				06F2E9FA2503C59C00D8D55D /* Base */,
			);
			name = Main.storyboard;
			sourceTree = "<group>";
		};
		06F2E9FE2503C5A000D8D55D /* LaunchScreen.storyboard */ = {
			isa = PBXVariantGroup;
			children = (
				06F2E9FF2503C5A000D8D55D /* Base */,
			);
			name = LaunchScreen.storyboard;
			sourceTree = "<group>";
		};
/* End PBXVariantGroup section */

/* Begin XCBuildConfiguration section */
		06F2EA022503C5A000D8D55D /* Debug */ = {
			isa = XCBuildConfiguration;
			buildSettings = {
				ALWAYS_SEARCH_USER_PATHS = NO;
				CLANG_ANALYZER_NONNULL = YES;
				CLANG_ANALYZER_NUMBER_OBJECT_CONVERSION = YES_AGGRESSIVE;
				CLANG_CXX_LANGUAGE_STANDARD = "gnu++14";
				CLANG_CXX_LIBRARY = "libc++";
				CLANG_ENABLE_MODULES = YES;
				CLANG_ENABLE_OBJC_ARC = YES;
				CLANG_ENABLE_OBJC_WEAK = YES;
				CLANG_WARN_BLOCK_CAPTURE_AUTORELEASING = YES;
				CLANG_WARN_BOOL_CONVERSION = YES;
				CLANG_WARN_COMMA = YES;
				CLANG_WARN_CONSTANT_CONVERSION = YES;
				CLANG_WARN_DEPRECATED_OBJC_IMPLEMENTATIONS = YES;
				CLANG_WARN_DIRECT_OBJC_ISA_USAGE = YES_ERROR;
				CLANG_WARN_DOCUMENTATION_COMMENTS = YES;
				CLANG_WARN_EMPTY_BODY = YES;
				CLANG_WARN_ENUM_CONVERSION = YES;
				CLANG_WARN_INFINITE_RECURSION = YES;
				CLANG_WARN_INT_CONVERSION = YES;
				CLANG_WARN_NON_LITERAL_NULL_CONVERSION = YES;
				CLANG_WARN_OBJC_IMPLICIT_RETAIN_SELF = YES;
				CLANG_WARN_OBJC_LITERAL_CONVERSION = YES;
				CLANG_WARN_OBJC_ROOT_CLASS = YES_ERROR;
				CLANG_WARN_RANGE_LOOP_ANALYSIS = YES;
				CLANG_WARN_STRICT_PROTOTYPES = YES;
				CLANG_WARN_SUSPICIOUS_MOVE = YES;
				CLANG_WARN_UNGUARDED_AVAILABILITY = YES_AGGRESSIVE;
				CLANG_WARN_UNREACHABLE_CODE = YES;
				CLANG_WARN__DUPLICATE_METHOD_MATCH = YES;
				COPY_PHASE_STRIP = NO;
				DEBUG_INFORMATION_FORMAT = dwarf;
				ENABLE_STRICT_OBJC_MSGSEND = YES;
				ENABLE_TESTABILITY = YES;
				GCC_C_LANGUAGE_STANDARD = gnu11;
				GCC_DYNAMIC_NO_PIC = NO;
				GCC_NO_COMMON_BLOCKS = YES;
				GCC_OPTIMIZATION_LEVEL = 0;
				GCC_PREPROCESSOR_DEFINITIONS = (
					"DEBUG=1",
					"$(inherited)",
				);
				GCC_WARN_64_TO_32_BIT_CONVERSION = YES;
				GCC_WARN_ABOUT_RETURN_TYPE = YES_ERROR;
				GCC_WARN_UNDECLARED_SELECTOR = YES;
				GCC_WARN_UNINITIALIZED_AUTOS = YES_AGGRESSIVE;
				GCC_WARN_UNUSED_FUNCTION = YES;
				GCC_WARN_UNUSED_VARIABLE = YES;
				IPHONEOS_DEPLOYMENT_TARGET = 13.6;
				MTL_ENABLE_DEBUG_INFO = INCLUDE_SOURCE;
				MTL_FAST_MATH = YES;
				ONLY_ACTIVE_ARCH = YES;
				SDKROOT = iphoneos;
				SWIFT_ACTIVE_COMPILATION_CONDITIONS = DEBUG;
				SWIFT_OPTIMIZATION_LEVEL = "-Onone";
			};
			name = Debug;
		};
		06F2EA032503C5A000D8D55D /* Release */ = {
			isa = XCBuildConfiguration;
			buildSettings = {
				ALWAYS_SEARCH_USER_PATHS = NO;
				CLANG_ANALYZER_NONNULL = YES;
				CLANG_ANALYZER_NUMBER_OBJECT_CONVERSION = YES_AGGRESSIVE;
				CLANG_CXX_LANGUAGE_STANDARD = "gnu++14";
				CLANG_CXX_LIBRARY = "libc++";
				CLANG_ENABLE_MODULES = YES;
				CLANG_ENABLE_OBJC_ARC = YES;
				CLANG_ENABLE_OBJC_WEAK = YES;
				CLANG_WARN_BLOCK_CAPTURE_AUTORELEASING = YES;
				CLANG_WARN_BOOL_CONVERSION = YES;
				CLANG_WARN_COMMA = YES;
				CLANG_WARN_CONSTANT_CONVERSION = YES;
				CLANG_WARN_DEPRECATED_OBJC_IMPLEMENTATIONS = YES;
				CLANG_WARN_DIRECT_OBJC_ISA_USAGE = YES_ERROR;
				CLANG_WARN_DOCUMENTATION_COMMENTS = YES;
				CLANG_WARN_EMPTY_BODY = YES;
				CLANG_WARN_ENUM_CONVERSION = YES;
				CLANG_WARN_INFINITE_RECURSION = YES;
				CLANG_WARN_INT_CONVERSION = YES;
				CLANG_WARN_NON_LITERAL_NULL_CONVERSION = YES;
				CLANG_WARN_OBJC_IMPLICIT_RETAIN_SELF = YES;
				CLANG_WARN_OBJC_LITERAL_CONVERSION = YES;
				CLANG_WARN_OBJC_ROOT_CLASS = YES_ERROR;
				CLANG_WARN_RANGE_LOOP_ANALYSIS = YES;
				CLANG_WARN_STRICT_PROTOTYPES = YES;
				CLANG_WARN_SUSPICIOUS_MOVE = YES;
				CLANG_WARN_UNGUARDED_AVAILABILITY = YES_AGGRESSIVE;
				CLANG_WARN_UNREACHABLE_CODE = YES;
				CLANG_WARN__DUPLICATE_METHOD_MATCH = YES;
				COPY_PHASE_STRIP = NO;
				DEBUG_INFORMATION_FORMAT = "dwarf-with-dsym";
				ENABLE_NS_ASSERTIONS = NO;
				ENABLE_STRICT_OBJC_MSGSEND = YES;
				GCC_C_LANGUAGE_STANDARD = gnu11;
				GCC_NO_COMMON_BLOCKS = YES;
				GCC_WARN_64_TO_32_BIT_CONVERSION = YES;
				GCC_WARN_ABOUT_RETURN_TYPE = YES_ERROR;
				GCC_WARN_UNDECLARED_SELECTOR = YES;
				GCC_WARN_UNINITIALIZED_AUTOS = YES_AGGRESSIVE;
				GCC_WARN_UNUSED_FUNCTION = YES;
				GCC_WARN_UNUSED_VARIABLE = YES;
				IPHONEOS_DEPLOYMENT_TARGET = 13.6;
				MTL_ENABLE_DEBUG_INFO = NO;
				MTL_FAST_MATH = YES;
				SDKROOT = iphoneos;
				SWIFT_COMPILATION_MODE = wholemodule;
				SWIFT_OPTIMIZATION_LEVEL = "-O";
				VALIDATE_PRODUCT = YES;
			};
			name = Release;
		};
		06F2EA052503C5A000D8D55D /* Debug */ = {
			isa = XCBuildConfiguration;
			buildSettings = {
				ASSETCATALOG_COMPILER_APPICON_NAME = AppIcon;
				CODE_SIGN_STYLE = Automatic;
				DEVELOPMENT_TEAM = Y58L2YDVT2;
				INFOPLIST_FILE = "Coder-Clothes/Info.plist";
				LD_RUNPATH_SEARCH_PATHS = (
					"$(inherited)",
					"@executable_path/Frameworks",
				);
				PRODUCT_BUNDLE_IDENTIFIER = "Roy.Coder-Clothes";
				PRODUCT_NAME = "$(TARGET_NAME)";
				SWIFT_VERSION = 5.0;
				TARGETED_DEVICE_FAMILY = "1,2";
			};
			name = Debug;
		};
		06F2EA062503C5A000D8D55D /* Release */ = {
			isa = XCBuildConfiguration;
			buildSettings = {
				ASSETCATALOG_COMPILER_APPICON_NAME = AppIcon;
				CODE_SIGN_STYLE = Automatic;
				DEVELOPMENT_TEAM = Y58L2YDVT2;
				INFOPLIST_FILE = "Coder-Clothes/Info.plist";
				LD_RUNPATH_SEARCH_PATHS = (
					"$(inherited)",
					"@executable_path/Frameworks",
				);
				PRODUCT_BUNDLE_IDENTIFIER = "Roy.Coder-Clothes";
				PRODUCT_NAME = "$(TARGET_NAME)";
				SWIFT_VERSION = 5.0;
				TARGETED_DEVICE_FAMILY = "1,2";
			};
			name = Release;
		};
/* End XCBuildConfiguration section */

/* Begin XCConfigurationList section */
		06F2E9EB2503C59C00D8D55D /* Build configuration list for PBXProject "Coder-Clothes" */ = {
			isa = XCConfigurationList;
			buildConfigurations = (
				06F2EA022503C5A000D8D55D /* Debug */,
				06F2EA032503C5A000D8D55D /* Release */,
			);
			defaultConfigurationIsVisible = 0;
			defaultConfigurationName = Release;
		};
		06F2EA042503C5A000D8D55D /* Build configuration list for PBXNativeTarget "Coder-Clothes" */ = {
			isa = XCConfigurationList;
			buildConfigurations = (
				06F2EA052503C5A000D8D55D /* Debug */,
				06F2EA062503C5A000D8D55D /* Release */,
			);
			defaultConfigurationIsVisible = 0;
			defaultConfigurationName = Release;
		};
/* End XCConfigurationList section */
	};
	rootObject = 06F2E9E82503C59C00D8D55D /* Project object */;
}
